
Microsoft Visual Studio Solution File, Format Version 12.00
# Visual Studio 14
VisualStudioVersion = 14.0.25420.1
MinimumVisualStudioVersion = 10.0.40219.1
Project("{FAE04EC0-301F-11D3-BF4B-00C04F79EFBC}") = "Com.Aurora.AuWeather", "com.aurora.auweather\Com.Aurora.AuWeather.csproj", "{BD2D8A98-2620-491B-8C82-7F7425AE6CB3}"
EndProject
Project("{FAE04EC0-301F-11D3-BF4B-00C04F79EFBC}") = "Com.Aurora.Shared", "com.aurora.shared\Com.Aurora.Shared.csproj", "{026D99CF-1C25-4DCF-AD95-1070BBA9F8A8}"
EndProject
Project("{FAE04EC0-301F-11D3-BF4B-00C04F79EFBC}") = "Com.Aurora.AuWeather.Background", "Com.Aurora.AuWeather.Background\Com.Aurora.AuWeather.Background.csproj", "{C849B03B-F70F-4C60-8F83-F6EB3AB8EB30}"
EndProject
Project("{FAE04EC0-301F-11D3-BF4B-00C04F79EFBC}") = "Com.Aurora.AuWeather.Core", "Com.Aurora.AuWeather.Core\Com.Aurora.AuWeather.Core.csproj", "{D7F4E99D-A166-4C9B-9BB3-84E1B9E34C2E}"
EndProject
Project("{FAE04EC0-301F-11D3-BF4B-00C04F79EFBC}") = "Com.Aurora.Calculator", "Com.Aurora.Calculator\Com.Aurora.Calculator.csproj", "{A8BC87AC-8A6A-4989-878B-63F21C4194F7}"
EndProject
Global
	GlobalSection(SolutionConfigurationPlatforms) = preSolution
		Debug|Any CPU = Debug|Any CPU
		Debug|ARM = Debug|ARM
		Debug|x64 = Debug|x64
		Debug|x86 = Debug|x86
		Release|Any CPU = Release|Any CPU
		Release|ARM = Release|ARM
		Release|x64 = Release|x64
		Release|x86 = Release|x86
	EndGlobalSection
	GlobalSection(ProjectConfigurationPlatforms) = postSolution
		{BD2D8A98-2620-491B-8C82-7F7425AE6CB3}.Debug|Any CPU.ActiveCfg = Debug|x86
		{BD2D8A98-2620-491B-8C82-7F7425AE6CB3}.Debug|Any CPU.Build.0 = Debug|x86
		{BD2D8A98-2620-491B-8C82-7F7425AE6CB3}.Debug|Any CPU.Deploy.0 = Debug|x86
		{BD2D8A98-2620-491B-8C82-7F7425AE6CB3}.Debug|ARM.ActiveCfg = Debug|ARM
		{BD2D8A98-2620-491B-8C82-7F7425AE6CB3}.Debug|ARM.Build.0 = Debug|ARM
		{BD2D8A98-2620-491B-8C82-7F7425AE6CB3}.Debug|ARM.Deploy.0 = Debug|ARM
		{BD2D8A98-2620-491B-8C82-7F7425AE6CB3}.Debug|x64.ActiveCfg = Debug|x64
		{BD2D8A98-2620-491B-8C82-7F7425AE6CB3}.Debug|x64.Build.0 = Debug|x64
		{BD2D8A98-2620-491B-8C82-7F7425AE6CB3}.Debug|x64.Deploy.0 = Debug|x64
		{BD2D8A98-2620-491B-8C82-7F7425AE6CB3}.Debug|x86.ActiveCfg = Debug|x86
		{BD2D8A98-2620-491B-8C82-7F7425AE6CB3}.Debug|x86.Build.0 = Debug|x86
		{BD2D8A98-2620-491B-8C82-7F7425AE6CB3}.Debug|x86.Deploy.0 = Debug|x86
		{BD2D8A98-2620-491B-8C82-7F7425AE6CB3}.Release|Any CPU.ActiveCfg = Release|x86
		{BD2D8A98-2620-491B-8C82-7F7425AE6CB3}.Release|ARM.ActiveCfg = Release|ARM
		{BD2D8A98-2620-491B-8C82-7F7425AE6CB3}.Release|ARM.Build.0 = Release|ARM
		{BD2D8A98-2620-491B-8C82-7F7425AE6CB3}.Release|ARM.Deploy.0 = Release|ARM
		{BD2D8A98-2620-491B-8C82-7F7425AE6CB3}.Release|x64.ActiveCfg = Release|x64
		{BD2D8A98-2620-491B-8C82-7F7425AE6CB3}.Release|x64.Build.0 = Release|x64
		{BD2D8A98-2620-491B-8C82-7F7425AE6CB3}.Release|x64.Deploy.0 = Release|x64
		{BD2D8A98-2620-491B-8C82-7F7425AE6CB3}.Release|x86.ActiveCfg = Release|x86
		{BD2D8A98-2620-491B-8C82-7F7425AE6CB3}.Release|x86.Build.0 = Release|x86
		{BD2D8A98-2620-491B-8C82-7F7425AE6CB3}.Release|x86.Deploy.0 = Release|x86
		{026D99CF-1C25-4DCF-AD95-1070BBA9F8A8}.Debug|Any CPU.ActiveCfg = Debug|Any CPU
		{026D99CF-1C25-4DCF-AD95-1070BBA9F8A8}.Debug|Any CPU.Build.0 = Debug|Any CPU
		{026D99CF-1C25-4DCF-AD95-1070BBA9F8A8}.Debug|ARM.ActiveCfg = Debug|ARM
		{026D99CF-1C25-4DCF-AD95-1070BBA9F8A8}.Debug|ARM.Build.0 = Debug|ARM
		{026D99CF-1C25-4DCF-AD95-1070BBA9F8A8}.Debug|x64.ActiveCfg = Debug|x64
		{026D99CF-1C25-4DCF-AD95-1070BBA9F8A8}.Debug|x64.Build.0 = Debug|x64
		{026D99CF-1C25-4DCF-AD95-1070BBA9F8A8}.Debug|x86.ActiveCfg = Debug|x86
		{026D99CF-1C25-4DCF-AD95-1070BBA9F8A8}.Debug|x86.Build.0 = Debug|x86
		{026D99CF-1C25-4DCF-AD95-1070BBA9F8A8}.Release|Any CPU.ActiveCfg = Release|Any CPU
		{026D99CF-1C25-4DCF-AD95-1070BBA9F8A8}.Release|Any CPU.Build.0 = Release|Any CPU
		{026D99CF-1C25-4DCF-AD95-1070BBA9F8A8}.Release|ARM.ActiveCfg = Release|ARM
		{026D99CF-1C25-4DCF-AD95-1070BBA9F8A8}.Release|ARM.Build.0 = Release|ARM
		{026D99CF-1C25-4DCF-AD95-1070BBA9F8A8}.Release|x64.ActiveCfg = Release|x64
		{026D99CF-1C25-4DCF-AD95-1070BBA9F8A8}.Release|x64.Build.0 = Release|x64
		{026D99CF-1C25-4DCF-AD95-1070BBA9F8A8}.Release|x86.ActiveCfg = Release|x86
		{026D99CF-1C25-4DCF-AD95-1070BBA9F8A8}.Release|x86.Build.0 = Release|x86
		{C849B03B-F70F-4C60-8F83-F6EB3AB8EB30}.Debug|Any CPU.ActiveCfg = Debug|Any CPU
		{C849B03B-F70F-4C60-8F83-F6EB3AB8EB30}.Debug|Any CPU.Build.0 = Debug|Any CPU
		{C849B03B-F70F-4C60-8F83-F6EB3AB8EB30}.Debug|ARM.ActiveCfg = Debug|ARM
		{C849B03B-F70F-4C60-8F83-F6EB3AB8EB30}.Debug|ARM.Build.0 = Debug|ARM
		{C849B03B-F70F-4C60-8F83-F6EB3AB8EB30}.Debug|x64.ActiveCfg = Debug|x64
		{C849B03B-F70F-4C60-8F83-F6EB3AB8EB30}.Debug|x64.Build.0 = Debug|x64
		{C849B03B-F70F-4C60-8F83-F6EB3AB8EB30}.Debug|x86.ActiveCfg = Debug|x86
		{C849B03B-F70F-4C60-8F83-F6EB3AB8EB30}.Debug|x86.Build.0 = Debug|x86
		{C849B03B-F70F-4C60-8F83-F6EB3AB8EB30}.Release|Any CPU.ActiveCfg = Release|Any CPU
		{C849B03B-F70F-4C60-8F83-F6EB3AB8EB30}.Release|Any CPU.Build.0 = Release|Any CPU
		{C849B03B-F70F-4C60-8F83-F6EB3AB8EB30}.Release|ARM.ActiveCfg = Release|ARM
		{C849B03B-F70F-4C60-8F83-F6EB3AB8EB30}.Release|ARM.Build.0 = Release|ARM
		{C849B03B-F70F-4C60-8F83-F6EB3AB8EB30}.Release|x64.ActiveCfg = Release|x64
		{C849B03B-F70F-4C60-8F83-F6EB3AB8EB30}.Release|x64.Build.0 = Release|x64
		{C849B03B-F70F-4C60-8F83-F6EB3AB8EB30}.Release|x86.ActiveCfg = Release|x86
		{C849B03B-F70F-4C60-8F83-F6EB3AB8EB30}.Release|x86.Build.0 = Release|x86
		{D7F4E99D-A166-4C9B-9BB3-84E1B9E34C2E}.Debug|Any CPU.ActiveCfg = Debug|Any CPU
		{D7F4E99D-A166-4C9B-9BB3-84E1B9E34C2E}.Debug|Any CPU.Build.0 = Debug|Any CPU
		{D7F4E99D-A166-4C9B-9BB3-84E1B9E34C2E}.Debug|ARM.ActiveCfg = Debug|ARM
		{D7F4E99D-A166-4C9B-9BB3-84E1B9E34C2E}.Debug|ARM.Build.0 = Debug|ARM
		{D7F4E99D-A166-4C9B-9BB3-84E1B9E34C2E}.Debug|x64.ActiveCfg = Debug|x64
		{D7F4E99D-A166-4C9B-9BB3-84E1B9E34C2E}.Debug|x64.Build.0 = Debug|x64
		{D7F4E99D-A166-4C9B-9BB3-84E1B9E34C2E}.Debug|x86.ActiveCfg = Debug|x86
		{D7F4E99D-A166-4C9B-9BB3-84E1B9E34C2E}.Debug|x86.Build.0 = Debug|x86
		{D7F4E99D-A166-4C9B-9BB3-84E1B9E34C2E}.Release|Any CPU.ActiveCfg = Release|Any CPU
		{D7F4E99D-A166-4C9B-9BB3-84E1B9E34C2E}.Release|Any CPU.Build.0 = Release|Any CPU
		{D7F4E99D-A166-4C9B-9BB3-84E1B9E34C2E}.Release|ARM.ActiveCfg = Release|ARM
		{D7F4E99D-A166-4C9B-9BB3-84E1B9E34C2E}.Release|ARM.Build.0 = Release|ARM
		{D7F4E99D-A166-4C9B-9BB3-84E1B9E34C2E}.Release|x64.ActiveCfg = Release|x64
		{D7F4E99D-A166-4C9B-9BB3-84E1B9E34C2E}.Release|x64.Build.0 = Release|x64
		{D7F4E99D-A166-4C9B-9BB3-84E1B9E34C2E}.Release|x86.ActiveCfg = Release|x86
		{D7F4E99D-A166-4C9B-9BB3-84E1B9E34C2E}.Release|x86.Build.0 = Release|x86
		{A8BC87AC-8A6A-4989-878B-63F21C4194F7}.Debug|Any CPU.ActiveCfg = Debug|Any CPU
		{A8BC87AC-8A6A-4989-878B-63F21C4194F7}.Debug|Any CPU.Build.0 = Debug|Any CPU
		{A8BC87AC-8A6A-4989-878B-63F21C4194F7}.Debug|ARM.ActiveCfg = Debug|ARM
		{A8BC87AC-8A6A-4989-878B-63F21C4194F7}.Debug|ARM.Build.0 = Debug|ARM
		{A8BC87AC-8A6A-4989-878B-63F21C4194F7}.Debug|x64.ActiveCfg = Debug|x64
		{A8BC87AC-8A6A-4989-878B-63F21C4194F7}.Debug|x64.Build.0 = Debug|x64
		{A8BC87AC-8A6A-4989-878B-63F21C4194F7}.Debug|x86.ActiveCfg = Debug|x86
		{A8BC87AC-8A6A-4989-878B-63F21C4194F7}.Debug|x86.Build.0 = Debug|x86
		{A8BC87AC-8A6A-4989-878B-63F21C4194F7}.Release|Any CPU.ActiveCfg = Release|Any CPU
		{A8BC87AC-8A6A-4989-878B-63F21C4194F7}.Release|Any CPU.Build.0 = Release|Any CPU
		{A8BC87AC-8A6A-4989-878B-63F21C4194F7}.Release|ARM.ActiveCfg = Release|ARM
		{A8BC87AC-8A6A-4989-878B-63F21C4194F7}.Release|ARM.Build.0 = Release|ARM
		{A8BC87AC-8A6A-4989-878B-63F21C4194F7}.Release|x64.ActiveCfg = Release|x64
		{A8BC87AC-8A6A-4989-878B-63F21C4194F7}.Release|x64.Build.0 = Release|x64
		{A8BC87AC-8A6A-4989-878B-63F21C4194F7}.Release|x86.ActiveCfg = Release|x86
		{A8BC87AC-8A6A-4989-878B-63F21C4194F7}.Release|x86.Build.0 = Release|x86
	EndGlobalSection
	GlobalSection(SolutionProperties) = preSolution
		HideSolutionNode = FALSE
	EndGlobalSection
EndGlobal
